
Microsoft Visual Studio Solution File, Format Version 12.00
# Visual Studio Version 16
VisualStudioVersion = 16.0.30907.101
MinimumVisualStudioVersion = 10.0.40219.1
Project("{8BC9CEB8-8B4A-11D0-8D11-00A0C91BC942}") = "Corona Breaker Project", "Corona Breaker Project.vcxproj", "{7943C703-32F2-4DE0-9424-0F0AB45121FB}"
EndProject
Global
	GlobalSection(SolutionConfigurationPlatforms) = preSolution
		Debug|x64 = Debug|x64
		Debug|x86 = Debug|x86
		Release|x64 = Release|x64
		Release|x86 = Release|x86
	EndGlobalSection
	GlobalSection(ProjectConfigurationPlatforms) = postSolution
		{7943C703-32F2-4DE0-9424-0F0AB45121FB}.Debug|x64.ActiveCfg = Debug|x64
		{7943C703-32F2-4DE0-9424-0F0AB45121FB}.Debug|x64.Build.0 = Debug|x64
		{7943C703-32F2-4DE0-9424-0F0AB45121FB}.Debug|x86.ActiveCfg = Debug|Win32
		{7943C703-32F2-4DE0-9424-0F0AB45121FB}.Debug|x86.Build.0 = Debug|Win32
		{7943C703-32F2-4DE0-9424-0F0AB45121FB}.Release|x64.ActiveCfg = Release|x64
		{7943C703-32F2-4DE0-9424-0F0AB45121FB}.Release|x64.Build.0 = Release|x64
		{7943C703-32F2-4DE0-9424-0F0AB45121FB}.Release|x86.ActiveCfg = Release|Win32
		{7943C703-32F2-4DE0-9424-0F0AB45121FB}.Release|x86.Build.0 = Release|Win32
	EndGlobalSection
	GlobalSection(SolutionProperties) = preSolution
		HideSolutionNode = FALSE
	EndGlobalSection
	GlobalSection(ExtensibilityGlobals) = postSolution
		SolutionGuid = {C5C09D3F-3905-4BD0-8837-94852A2FC39F}
	EndGlobalSection
EndGlobal
